
Microsoft Visual Studio Solution File, Format Version 12.00
# Visual Studio Version 16
VisualStudioVersion = 16.0.29503.13
MinimumVisualStudioVersion = 10.0.40219.1
Project("{2150E333-8FDC-42A3-9474-1A3956D46DE8}") = "Solution Items", "Solution Items", "{DCDA6E6C-F58C-4EC6-9A1A-260C70085FF4}"
	ProjectSection(SolutionItems) = preProject
		..\.gitignore = ..\.gitignore
		Directory.Build.props = Directory.Build.props
		..\LICENSE.md = ..\LICENSE.md
		..\assets\logo.64x64.png = ..\assets\logo.64x64.png
		..\README.md = ..\README.md
	EndProjectSection
EndProject
Project("{9A19103F-16F7-4668-BE54-9A1E7A4F7556}") = "GraphQL.IntrospectionModel", "GraphQL.IntrospectionModel\GraphQL.IntrospectionModel.csproj", "{E35C80E9-FC11-478C-810B-27500DDF2273}"
EndProject
Project("{9A19103F-16F7-4668-BE54-9A1E7A4F7556}") = "GraphQL.IntrospectionModel.Tests", "GraphQL.IntrospectionModel.Tests\GraphQL.IntrospectionModel.Tests.csproj", "{A35D4C4D-63DF-4E86-B768-802EAD7F68C3}"
EndProject
Project("{2150E333-8FDC-42A3-9474-1A3956D46DE8}") = ".github", ".github", "{13937FD5-D3E4-4E9C-ACEB-7D5B8C573292}"
	ProjectSection(SolutionItems) = preProject
		..\.github\dependabot.yml = ..\.github\dependabot.yml
		..\.github\labeler.yml = ..\.github\labeler.yml
	EndProjectSection
EndProject
Project("{2150E333-8FDC-42A3-9474-1A3956D46DE8}") = "workflows", "workflows", "{70528013-433D-48BC-A120-4A124F6DB03C}"
	ProjectSection(SolutionItems) = preProject
		..\.github\workflows\label.yml = ..\.github\workflows\label.yml
		..\.github\workflows\stale.yml = ..\.github\workflows\stale.yml
		..\.github\workflows\test.yml = ..\.github\workflows\test.yml
	EndProjectSection
EndProject
Project("{2150E333-8FDC-42A3-9474-1A3956D46DE8}") = "ISSUE_TEMPLATE", "ISSUE_TEMPLATE", "{4C761769-B343-4DBD-9637-31D700430A2A}"
	ProjectSection(SolutionItems) = preProject
		..\.github\ISSUE_TEMPLATE\bug_report.md = ..\.github\ISSUE_TEMPLATE\bug_report.md
		..\.github\ISSUE_TEMPLATE\feature_request.md = ..\.github\ISSUE_TEMPLATE\feature_request.md
	EndProjectSection
EndProject
Global
	GlobalSection(SolutionConfigurationPlatforms) = preSolution
		Debug|Any CPU = Debug|Any CPU
		Release|Any CPU = Release|Any CPU
	EndGlobalSection
	GlobalSection(ProjectConfigurationPlatforms) = postSolution
		{E35C80E9-FC11-478C-810B-27500DDF2273}.Debug|Any CPU.ActiveCfg = Debug|Any CPU
		{E35C80E9-FC11-478C-810B-27500DDF2273}.Debug|Any CPU.Build.0 = Debug|Any CPU
		{E35C80E9-FC11-478C-810B-27500DDF2273}.Release|Any CPU.ActiveCfg = Release|Any CPU
		{E35C80E9-FC11-478C-810B-27500DDF2273}.Release|Any CPU.Build.0 = Release|Any CPU
		{A35D4C4D-63DF-4E86-B768-802EAD7F68C3}.Debug|Any CPU.ActiveCfg = Debug|Any CPU
		{A35D4C4D-63DF-4E86-B768-802EAD7F68C3}.Debug|Any CPU.Build.0 = Debug|Any CPU
		{A35D4C4D-63DF-4E86-B768-802EAD7F68C3}.Release|Any CPU.ActiveCfg = Release|Any CPU
		{A35D4C4D-63DF-4E86-B768-802EAD7F68C3}.Release|Any CPU.Build.0 = Release|Any CPU
	EndGlobalSection
	GlobalSection(SolutionProperties) = preSolution
		HideSolutionNode = FALSE
	EndGlobalSection
	GlobalSection(NestedProjects) = preSolution
		{70528013-433D-48BC-A120-4A124F6DB03C} = {13937FD5-D3E4-4E9C-ACEB-7D5B8C573292}
		{4C761769-B343-4DBD-9637-31D700430A2A} = {13937FD5-D3E4-4E9C-ACEB-7D5B8C573292}
	EndGlobalSection
	GlobalSection(ExtensibilityGlobals) = postSolution
		SolutionGuid = {B1A6015B-A2E9-4E71-8AF2-0EA44D808433}
	EndGlobalSection
EndGlobal
